
Microsoft Visual Studio Solution File, Format Version 12.00
# Visual Studio 15
VisualStudioVersion = 15.0.28010.2026
MinimumVisualStudioVersion = 10.0.40219.1
Project("{9A19103F-16F7-4668-BE54-9A1E7A4F7556}") = "Alpha.Bootstrap.WebApi", "Alpha.Bootstrap.WebApi\Alpha.Bootstrap.WebApi.csproj", "{369F99DC-D7C1-4D94-80C8-A6FA8F6A7943}"
EndProject
Project("{2150E333-8FDC-42A3-9474-1A3956D46DE8}") = "Analysis", "Analysis", "{4C1D4715-CF3A-4FC4-8993-80949DFA0284}"
	ProjectSection(SolutionItems) = preProject
		Analysis\stylecop.json = Analysis\stylecop.json
		Analysis\StyleCop.ruleset = Analysis\StyleCop.ruleset
	EndProjectSection
EndProject
Project("{FAE04EC0-301F-11D3-BF4B-00C04F79EFBC}") = "Alpha.Bootstrap.Logic", "Alpha.Bootstrap.Logic\Alpha.Bootstrap.Logic.csproj", "{F5A8E175-908A-4A06-8CFA-5821F40A50C0}"
EndProject
Project("{FAE04EC0-301F-11D3-BF4B-00C04F79EFBC}") = "Alpha.Bootstrap.DAL", "Alpha.Bootstrap.DAL\Alpha.Bootstrap.DAL.csproj", "{82611AAC-6E54-4652-B653-6BC457439559}"
EndProject
Project("{FAE04EC0-301F-11D3-BF4B-00C04F79EFBC}") = "Alpha.Bootstrap.WebApi.Dtos", "Alpha.Bootstrap.WebApi.Dtos\Alpha.Bootstrap.WebApi.Dtos.csproj", "{F940893E-5E6C-4495-ACD3-5D51EBE7FB33}"
EndProject
Global
	GlobalSection(SolutionConfigurationPlatforms) = preSolution
		Debug|Any CPU = Debug|Any CPU
		Release|Any CPU = Release|Any CPU
	EndGlobalSection
	GlobalSection(ProjectConfigurationPlatforms) = postSolution
		{369F99DC-D7C1-4D94-80C8-A6FA8F6A7943}.Debug|Any CPU.ActiveCfg = Debug|Any CPU
		{369F99DC-D7C1-4D94-80C8-A6FA8F6A7943}.Debug|Any CPU.Build.0 = Debug|Any CPU
		{369F99DC-D7C1-4D94-80C8-A6FA8F6A7943}.Release|Any CPU.ActiveCfg = Release|Any CPU
		{369F99DC-D7C1-4D94-80C8-A6FA8F6A7943}.Release|Any CPU.Build.0 = Release|Any CPU
		{F5A8E175-908A-4A06-8CFA-5821F40A50C0}.Debug|Any CPU.ActiveCfg = Debug|Any CPU
		{F5A8E175-908A-4A06-8CFA-5821F40A50C0}.Debug|Any CPU.Build.0 = Debug|Any CPU
		{F5A8E175-908A-4A06-8CFA-5821F40A50C0}.Release|Any CPU.ActiveCfg = Release|Any CPU
		{F5A8E175-908A-4A06-8CFA-5821F40A50C0}.Release|Any CPU.Build.0 = Release|Any CPU
		{82611AAC-6E54-4652-B653-6BC457439559}.Debug|Any CPU.ActiveCfg = Debug|Any CPU
		{82611AAC-6E54-4652-B653-6BC457439559}.Debug|Any CPU.Build.0 = Debug|Any CPU
		{82611AAC-6E54-4652-B653-6BC457439559}.Release|Any CPU.ActiveCfg = Release|Any CPU
		{82611AAC-6E54-4652-B653-6BC457439559}.Release|Any CPU.Build.0 = Release|Any CPU
		{F940893E-5E6C-4495-ACD3-5D51EBE7FB33}.Debug|Any CPU.ActiveCfg = Debug|Any CPU
		{F940893E-5E6C-4495-ACD3-5D51EBE7FB33}.Debug|Any CPU.Build.0 = Debug|Any CPU
		{F940893E-5E6C-4495-ACD3-5D51EBE7FB33}.Release|Any CPU.ActiveCfg = Release|Any CPU
		{F940893E-5E6C-4495-ACD3-5D51EBE7FB33}.Release|Any CPU.Build.0 = Release|Any CPU
	EndGlobalSection
	GlobalSection(SolutionProperties) = preSolution
		HideSolutionNode = FALSE
	EndGlobalSection
	GlobalSection(ExtensibilityGlobals) = postSolution
		SolutionGuid = {04941919-4758-44BF-A187-B350998F4D5B}
	EndGlobalSection
EndGlobal
